
Microsoft Visual Studio Solution File, Format Version 12.00
# Visual Studio Version 16
VisualStudioVersion = 16.0.31205.134
MinimumVisualStudioVersion = 10.0.40219.1
Project("{9A19103F-16F7-4668-BE54-9A1E7A4F7556}") = "Features", "Features\Features.csproj", "{A9BCBC02-BDAA-4AEA-9529-6EF2F59EF0DE}"
EndProject
Project("{9A19103F-16F7-4668-BE54-9A1E7A4F7556}") = "Queries", "Queries\Queries.csproj", "{1067D84C-839A-45DB-80C5-E6614716B52D}"
EndProject
Project("{9A19103F-16F7-4668-BE54-9A1E7A4F7556}") = "Cars", "Cars\Cars.csproj", "{35806FD6-B8BC-43E2-AF95-FD1A644FE7C0}"
EndProject
Project("{9A19103F-16F7-4668-BE54-9A1E7A4F7556}") = "Vehicles", "Vehicles\Vehicles.csproj", "{814507C9-B30A-4ADB-AE06-4C297CF85562}"
EndProject
Project("{9A19103F-16F7-4668-BE54-9A1E7A4F7556}") = "XML", "XML\XML.csproj", "{C37FF557-8999-4BD9-A98E-1BDF5EFC0628}"
EndProject
Project("{FAE04EC0-301F-11D3-BF4B-00C04F79EFBC}") = "EntityFramework", "EntityFramework\EntityFramework.csproj", "{5C1B67E1-8EDF-4BB5-BC83-0BFA7414E870}"
EndProject
Project("{9A19103F-16F7-4668-BE54-9A1E7A4F7556}") = "EntityFrameworkCore", "EntityFrameworkCore\EntityFrameworkCore.csproj", "{AC71CDB8-7830-4365-A6FA-5F7482C56867}"
EndProject
Project("{FAE04EC0-301F-11D3-BF4B-00C04F79EFBC}") = "DependencyInjection", "DependencyInjection\DependencyInjection.csproj", "{05CDD05F-EA91-4913-A8D2-9AE9811663FB}"
EndProject
Global
	GlobalSection(SolutionConfigurationPlatforms) = preSolution
		Debug|Any CPU = Debug|Any CPU
		Release|Any CPU = Release|Any CPU
	EndGlobalSection
	GlobalSection(ProjectConfigurationPlatforms) = postSolution
		{A9BCBC02-BDAA-4AEA-9529-6EF2F59EF0DE}.Debug|Any CPU.ActiveCfg = Debug|Any CPU
		{A9BCBC02-BDAA-4AEA-9529-6EF2F59EF0DE}.Debug|Any CPU.Build.0 = Debug|Any CPU
		{A9BCBC02-BDAA-4AEA-9529-6EF2F59EF0DE}.Release|Any CPU.ActiveCfg = Release|Any CPU
		{A9BCBC02-BDAA-4AEA-9529-6EF2F59EF0DE}.Release|Any CPU.Build.0 = Release|Any CPU
		{1067D84C-839A-45DB-80C5-E6614716B52D}.Debug|Any CPU.ActiveCfg = Debug|Any CPU
		{1067D84C-839A-45DB-80C5-E6614716B52D}.Debug|Any CPU.Build.0 = Debug|Any CPU
		{1067D84C-839A-45DB-80C5-E6614716B52D}.Release|Any CPU.ActiveCfg = Release|Any CPU
		{1067D84C-839A-45DB-80C5-E6614716B52D}.Release|Any CPU.Build.0 = Release|Any CPU
		{35806FD6-B8BC-43E2-AF95-FD1A644FE7C0}.Debug|Any CPU.ActiveCfg = Debug|Any CPU
		{35806FD6-B8BC-43E2-AF95-FD1A644FE7C0}.Debug|Any CPU.Build.0 = Debug|Any CPU
		{35806FD6-B8BC-43E2-AF95-FD1A644FE7C0}.Release|Any CPU.ActiveCfg = Release|Any CPU
		{35806FD6-B8BC-43E2-AF95-FD1A644FE7C0}.Release|Any CPU.Build.0 = Release|Any CPU
		{814507C9-B30A-4ADB-AE06-4C297CF85562}.Debug|Any CPU.ActiveCfg = Debug|Any CPU
		{814507C9-B30A-4ADB-AE06-4C297CF85562}.Debug|Any CPU.Build.0 = Debug|Any CPU
		{814507C9-B30A-4ADB-AE06-4C297CF85562}.Release|Any CPU.ActiveCfg = Release|Any CPU
		{814507C9-B30A-4ADB-AE06-4C297CF85562}.Release|Any CPU.Build.0 = Release|Any CPU
		{C37FF557-8999-4BD9-A98E-1BDF5EFC0628}.Debug|Any CPU.ActiveCfg = Debug|Any CPU
		{C37FF557-8999-4BD9-A98E-1BDF5EFC0628}.Debug|Any CPU.Build.0 = Debug|Any CPU
		{C37FF557-8999-4BD9-A98E-1BDF5EFC0628}.Release|Any CPU.ActiveCfg = Release|Any CPU
		{C37FF557-8999-4BD9-A98E-1BDF5EFC0628}.Release|Any CPU.Build.0 = Release|Any CPU
		{5C1B67E1-8EDF-4BB5-BC83-0BFA7414E870}.Debug|Any CPU.ActiveCfg = Debug|Any CPU
		{5C1B67E1-8EDF-4BB5-BC83-0BFA7414E870}.Debug|Any CPU.Build.0 = Debug|Any CPU
		{5C1B67E1-8EDF-4BB5-BC83-0BFA7414E870}.Release|Any CPU.ActiveCfg = Release|Any CPU
		{5C1B67E1-8EDF-4BB5-BC83-0BFA7414E870}.Release|Any CPU.Build.0 = Release|Any CPU
		{AC71CDB8-7830-4365-A6FA-5F7482C56867}.Debug|Any CPU.ActiveCfg = Debug|Any CPU
		{AC71CDB8-7830-4365-A6FA-5F7482C56867}.Debug|Any CPU.Build.0 = Debug|Any CPU
		{AC71CDB8-7830-4365-A6FA-5F7482C56867}.Release|Any CPU.ActiveCfg = Release|Any CPU
		{AC71CDB8-7830-4365-A6FA-5F7482C56867}.Release|Any CPU.Build.0 = Release|Any CPU
		{05CDD05F-EA91-4913-A8D2-9AE9811663FB}.Debug|Any CPU.ActiveCfg = Debug|Any CPU
		{05CDD05F-EA91-4913-A8D2-9AE9811663FB}.Debug|Any CPU.Build.0 = Debug|Any CPU
		{05CDD05F-EA91-4913-A8D2-9AE9811663FB}.Release|Any CPU.ActiveCfg = Release|Any CPU
		{05CDD05F-EA91-4913-A8D2-9AE9811663FB}.Release|Any CPU.Build.0 = Release|Any CPU
	EndGlobalSection
	GlobalSection(SolutionProperties) = preSolution
		HideSolutionNode = FALSE
	EndGlobalSection
	GlobalSection(ExtensibilityGlobals) = postSolution
		SolutionGuid = {1E1987B0-DB04-4285-AEA6-598C15D4D4D9}
	EndGlobalSection
EndGlobal
